{
  "name": "beta-main",
  "lockfileVersion": 3,
  "requires": true,
  "packages": {
    "": {
      "dependencies": {
        "appwrite": "^17.0.2",
        "crypto-js": "^4.2.0",
        "node-appwrite": "^16.0.0"
      }
    },
    "node_modules/appwrite": {
      "version": "17.0.2",
      "resolved": "https://registry.npmjs.org/appwrite/-/appwrite-17.0.2.tgz",
      "integrity": "sha512-h8frLDRYzFDLS9xA2s8ZSlH/prPFq/ma5477fgQHHLcE/t9RDxNImpq9AleRUb9Oh1YJiP49HCObxgSTGW5AQA==",
      "license": "BSD-3-Clause"
    },
    "node_modules/crypto-js": {
      "version": "4.2.0",
      "resolved": "https://registry.npmjs.org/crypto-js/-/crypto-js-4.2.0.tgz",
      "integrity": "sha512-KALDyEYgpY+Rlob/iriUtjV6d5Eq+Y191A5g4UqLAi8CyGP9N1+FdVbkc1SxKc2r4YAYqG8JzO2KGL+AizD70Q==",
      "license": "MIT"
    },
    "node_modules/node-appwrite": {
      "version": "16.0.0",
      "resolved": "https://registry.npmjs.org/node-appwrite/-/node-appwrite-16.0.0.tgz",
      "integrity": "sha512-KLC8bNtZ8T2sxiudYNC0V5UwegxE7+FmLo96a5RuSgRRw3B4WSzs3JYy+WG8p+eZJjg1o1JrQeB7ikUc8qZc0Q==",
      "license": "BSD-3-Clause",
      "dependencies": {
        "node-fetch-native-with-agent": "1.7.2"
      }
    },
    "node_modules/node-fetch-native-with-agent": {
      "version": "1.7.2",
      "resolved": "https://registry.npmjs.org/node-fetch-native-with-agent/-/node-fetch-native-with-agent-1.7.2.tgz",
      "integrity": "sha512-5MaOOCuJEvcckoz7/tjdx1M6OusOY6Xc5f459IaruGStWnKzlI1qpNgaAwmn4LmFYcsSlj+jBMk84wmmRxfk5g==",
      "license": "MIT"
    }
  }
}
